PODS:
  - Alamofire (5.6.4)
  - AlamofireImage (4.2.0):
    - Alamofire (~> 5.4)
  - ImageSlideshow (1.9.2):
    - ImageSlideshow/Core (= 1.9.2)
  - ImageSlideshow/Alamofire (1.9.2):
    - AlamofireImage (~> 4.0)
    - ImageSlideshow/Core
  - ImageSlideshow/Core (1.9.2)
  - ImageSlideshow/Kingfisher (1.9.2):
    - ImageSlideshow/Core
    - Kingfisher (> 7.0)
  - ImageSlideshow/SDWebImage (1.9.2):
    - ImageSlideshow/Core
    - SDWebImage (>= 3.7)
  - Kingfisher (7.6.2)
  - SDWebImage (5.15.5):
    - SDWebImage/Core (= 5.15.5)
  - SDWebImage/Core (5.15.5)

DEPENDENCIES:
  - ImageSlideshow (from `../`)
  - ImageSlideshow/Alamofire (from `../`)
  - ImageSlideshow/Kingfisher (from `../`)
  - ImageSlideshow/SDWebImage (from `../`)

SPEC REPOS:
  trunk:
    - Alamofire
    - AlamofireImage
    - Kingfisher
    - SDWebImage

EXTERNAL SOURCES:
  ImageSlideshow:
    :path: "../"

SPEC CHECKSUMS:
  Alamofire: 4e95d97098eacb88856099c4fc79b526a299e48c
  AlamofireImage: 34a2d90b0e5fe6a5605f85ae4b7b01e784c60192
  ImageSlideshow: 12b475e6cdf4f348ce5405134d43e741e305afb0
  Kingfisher: 6c5449c6450c5239166510ba04afe374a98afc4f
  SDWebImage: fd7e1a22f00303e058058278639bf6196ee431fe

PODFILE CHECKSUM: 386bab464a99c42ccf1d940ff849cbd6e768f4f8

COCOAPODS: 1.11.3
